
Microsoft Visual Studio Solution File, Format Version 12.00
Project("{FAE04EC0-301F-11D3-BF4B-00C04F79EFBC}") = "WakingSkeleton.Test", "WakingSkeleton.Test\WakingSkeleton.Test.csproj", "{D53C043A-780C-4635-877E-5929E3280A41}"
EndProject
Global
	GlobalSection(SolutionConfigurationPlatforms) = preSolution
		Debug|Any CPU = Debug|Any CPU
		Release|Any CPU = Release|Any CPU
	EndGlobalSection
	GlobalSection(ProjectConfigurationPlatforms) = postSolution
		{D53C043A-780C-4635-877E-5929E3280A41}.Debug|Any CPU.ActiveCfg = Debug|Any CPU
		{D53C043A-780C-4635-877E-5929E3280A41}.Debug|Any CPU.Build.0 = Debug|Any CPU
		{D53C043A-780C-4635-877E-5929E3280A41}.Release|Any CPU.ActiveCfg = Release|Any CPU
		{D53C043A-780C-4635-877E-5929E3280A41}.Release|Any CPU.Build.0 = Release|Any CPU
	EndGlobalSection
EndGlobal
